
Microsoft Visual Studio Solution File, Format Version 12.00
# Visual Studio Version 17
VisualStudioVersion = 17.7.34221.43
MinimumVisualStudioVersion = 10.0.40219.1
Project("{9A19103F-16F7-4668-BE54-9A1E7A4F7556}") = "C#", "C#.csproj", "{F3745494-C2EB-42EC-B772-F88265E9D401}"
EndProject
Global
	GlobalSection(SolutionConfigurationPlatforms) = preSolution
		Debug|Any CPU = Debug|Any CPU
		Release|Any CPU = Release|Any CPU
	EndGlobalSection
	GlobalSection(ProjectConfigurationPlatforms) = postSolution
		{F3745494-C2EB-42EC-B772-F88265E9D401}.Debug|Any CPU.ActiveCfg = Debug|Any CPU
		{F3745494-C2EB-42EC-B772-F88265E9D401}.Debug|Any CPU.Build.0 = Debug|Any CPU
		{F3745494-C2EB-42EC-B772-F88265E9D401}.Release|Any CPU.ActiveCfg = Release|Any CPU
		{F3745494-C2EB-42EC-B772-F88265E9D401}.Release|Any CPU.Build.0 = Release|Any CPU
	EndGlobalSection
	GlobalSection(SolutionProperties) = preSolution
		HideSolutionNode = FALSE
	EndGlobalSection
	GlobalSection(ExtensibilityGlobals) = postSolution
		SolutionGuid = {C4F2D8C7-4FF3-40EE-9B44-89B1F544505E}
	EndGlobalSection
EndGlobal
