
Microsoft Visual Studio Solution File, Format Version 12.00
# Visual Studio Version 17
VisualStudioVersion = 17.5.002.0
MinimumVisualStudioVersion = 10.0.40219.1
Project("{9A19103F-16F7-4668-BE54-9A1E7A4F7556}") = "WeatherAPI", "WeatherAPI.csproj", "{2154B12E-1BB9-4465-A1D4-5FB44F41B177}"
EndProject
Global
	GlobalSection(SolutionConfigurationPlatforms) = preSolution
		Debug|Any CPU = Debug|Any CPU
		Release|Any CPU = Release|Any CPU
	EndGlobalSection
	GlobalSection(ProjectConfigurationPlatforms) = postSolution
		{2154B12E-1BB9-4465-A1D4-5FB44F41B177}.Debug|Any CPU.ActiveCfg = Debug|Any CPU
		{2154B12E-1BB9-4465-A1D4-5FB44F41B177}.Debug|Any CPU.Build.0 = Debug|Any CPU
		{2154B12E-1BB9-4465-A1D4-5FB44F41B177}.Release|Any CPU.ActiveCfg = Release|Any CPU
		{2154B12E-1BB9-4465-A1D4-5FB44F41B177}.Release|Any CPU.Build.0 = Release|Any CPU
	EndGlobalSection
	GlobalSection(SolutionProperties) = preSolution
		HideSolutionNode = FALSE
	EndGlobalSection
	GlobalSection(ExtensibilityGlobals) = postSolution
		SolutionGuid = {BA56AC87-80E7-431B-A139-95944D57F906}
	EndGlobalSection
EndGlobal
